
Microsoft Visual Studio Solution File, Format Version 12.00
# Visual Studio Version 17
VisualStudioVersion = 17.13.35806.99 d17.13
MinimumVisualStudioVersion = 10.0.40219.1
Project("{FAE04EC0-301F-11D3-BF4B-00C04F79EFBC}") = "constructor", "constructor\constructor.csproj", "{D6C1996D-3397-4030-A2E3-13CDB59A32D0}"
EndProject
Global
	GlobalSection(SolutionConfigurationPlatforms) = preSolution
		Debug|Any CPU = Debug|Any CPU
		Release|Any CPU = Release|Any CPU
	EndGlobalSection
	GlobalSection(ProjectConfigurationPlatforms) = postSolution
		{D6C1996D-3397-4030-A2E3-13CDB59A32D0}.Debug|Any CPU.ActiveCfg = Debug|Any CPU
		{D6C1996D-3397-4030-A2E3-13CDB59A32D0}.Debug|Any CPU.Build.0 = Debug|Any CPU
		{D6C1996D-3397-4030-A2E3-13CDB59A32D0}.Release|Any CPU.ActiveCfg = Release|Any CPU
		{D6C1996D-3397-4030-A2E3-13CDB59A32D0}.Release|Any CPU.Build.0 = Release|Any CPU
	EndGlobalSection
	GlobalSection(SolutionProperties) = preSolution
		HideSolutionNode = FALSE
	EndGlobalSection
	GlobalSection(ExtensibilityGlobals) = postSolution
		SolutionGuid = {49445EA8-B398-4ED1-AC8C-A0895E139DB3}
	EndGlobalSection
EndGlobal
