
Microsoft Visual Studio Solution File, Format Version 12.00
# Visual Studio Version 17
VisualStudioVersion = 17.13.35806.99 d17.13
MinimumVisualStudioVersion = 10.0.40219.1
Project("{FAE04EC0-301F-11D3-BF4B-00C04F79EFBC}") = "odev3-garbage-collector", "odev3-garbage-collector\odev3-garbage-collector.csproj", "{BE210F62-B63B-4C4A-B638-0985C672D047}"
EndProject
Global
	GlobalSection(SolutionConfigurationPlatforms) = preSolution
		Debug|Any CPU = Debug|Any CPU
		Release|Any CPU = Release|Any CPU
	EndGlobalSection
	GlobalSection(ProjectConfigurationPlatforms) = postSolution
		{BE210F62-B63B-4C4A-B638-0985C672D047}.Debug|Any CPU.ActiveCfg = Debug|Any CPU
		{BE210F62-B63B-4C4A-B638-0985C672D047}.Debug|Any CPU.Build.0 = Debug|Any CPU
		{BE210F62-B63B-4C4A-B638-0985C672D047}.Release|Any CPU.ActiveCfg = Release|Any CPU
		{BE210F62-B63B-4C4A-B638-0985C672D047}.Release|Any CPU.Build.0 = Release|Any CPU
	EndGlobalSection
	GlobalSection(SolutionProperties) = preSolution
		HideSolutionNode = FALSE
	EndGlobalSection
	GlobalSection(ExtensibilityGlobals) = postSolution
		SolutionGuid = {5EE02AA2-C956-4A62-8386-D5C9CD64F693}
	EndGlobalSection
EndGlobal
